<?xml version="1.0" encoding="utf-8"?>
<Project ToolsVersion="17.0" xmlns="http://schemas.microsoft.com/developer/msbuild/2003">
  <ItemGroup>
    <ClCompile Include="C:\GitHub\dv\openmrn\src\ble\Advertisement.cxx">
      <Filter>Source Files</Filter>
    </ClCompile>
    <ClCompile Include="C:\GitHub\dv\openmrn\src\ble\Defs.cxx">
      <Filter>Source Files</Filter>
    </ClCompile>
    <ClCompile Include="C:\GitHub\dv\openmrn\src\console\Console.cxx">
      <Filter>Source Files</Filter>
    </ClCompile>
    <ClCompile Include="C:\GitHub\dv\openmrn\src\dcc\DccDebug.cxx">
      <Filter>Source Files</Filter>
    </ClCompile>
    <ClCompile Include="C:\GitHub\dv\openmrn\src\dcc\Defs.cxx">
      <Filter>Source Files</Filter>
    </ClCompile>
    <ClCompile Include="C:\GitHub\dv\openmrn\src\dcc\LocalTrackIf.cxx">
      <Filter>Source Files</Filter>
    </ClCompile>
    <ClCompile Include="C:\GitHub\dv\openmrn\src\dcc\Loco.cxx">
      <Filter>Source Files</Filter>
    </ClCompile>
    <ClCompile Include="C:\GitHub\dv\openmrn\src\dcc\Packet.cxx">
      <Filter>Source Files</Filter>
    </ClCompile>
    <ClCompile Include="C:\GitHub\dv\openmrn\src\dcc\RailCom.cxx">
      <Filter>Source Files</Filter>
    </ClCompile>
    <ClCompile Include="C:\GitHub\dv\openmrn\src\dcc\RailcomBroadcastDecoder.cxx">
      <Filter>Source Files</Filter>
    </ClCompile>
    <ClCompile Include="C:\GitHub\dv\openmrn\src\dcc\RailcomDebug.cxx">
      <Filter>Source Files</Filter>
    </ClCompile>
    <ClCompile Include="C:\GitHub\dv\openmrn\src\dcc\SimpleUpdateLoop.cxx">
      <Filter>Source Files</Filter>
    </ClCompile>
    <ClCompile Include="C:\GitHub\dv\openmrn\src\dcc\UpdateLoop.cxx">
      <Filter>Source Files</Filter>
    </ClCompile>
    <ClCompile Include="C:\GitHub\dv\openmrn\src\dcc\dcc_constants.cxx">
      <Filter>Source Files</Filter>
    </ClCompile>
    <ClCompile Include="C:\GitHub\dv\openmrn\src\executor\AsyncNotifiableBlock.cxx">
      <Filter>Source Files</Filter>
    </ClCompile>
    <ClCompile Include="C:\GitHub\dv\openmrn\src\executor\Executor.cxx">
      <Filter>Source Files</Filter>
    </ClCompile>
    <ClCompile Include="C:\GitHub\dv\openmrn\src\executor\Notifiable.cxx">
      <Filter>Source Files</Filter>
    </ClCompile>
    <ClCompile Include="C:\GitHub\dv\openmrn\src\executor\Service.cxx">
      <Filter>Source Files</Filter>
    </ClCompile>
    <ClCompile Include="C:\GitHub\dv\openmrn\src\executor\StateFlow.cxx">
      <Filter>Source Files</Filter>
    </ClCompile>
    <ClCompile Include="C:\GitHub\dv\openmrn\src\executor\Timer.cxx">
      <Filter>Source Files</Filter>
    </ClCompile>
    <ClCompile Include="C:\GitHub\dv\openmrn\src\freertos_drivers\common\Can.cxx">
      <Filter>Source Files</Filter>
    </ClCompile>
    <ClCompile Include="C:\GitHub\dv\openmrn\src\freertos_drivers\common\CpuLoad.cxx">
      <Filter>Source Files</Filter>
    </ClCompile>
    <ClCompile Include="C:\GitHub\dv\openmrn\src\freertos_drivers\common\Device.cxx">
      <Filter>Source Files</Filter>
    </ClCompile>
    <ClCompile Include="C:\GitHub\dv\openmrn\src\freertos_drivers\common\DeviceBuffer.cxx">
      <Filter>Source Files</Filter>
    </ClCompile>
    <ClCompile Include="C:\GitHub\dv\openmrn\src\freertos_drivers\common\DeviceFile.cxx">
      <Filter>Source Files</Filter>
    </ClCompile>
    <ClCompile Include="C:\GitHub\dv\openmrn\src\freertos_drivers\common\EEPROM.cxx">
      <Filter>Source Files</Filter>
    </ClCompile>
    <ClCompile Include="C:\GitHub\dv\openmrn\src\freertos_drivers\common\EEPROMEmulation.cxx">
      <Filter>Source Files</Filter>
    </ClCompile>
    <ClCompile Include="C:\GitHub\dv\openmrn\src\freertos_drivers\common\EEPROMEmulation_weak.cxx">
      <Filter>Source Files</Filter>
    </ClCompile>
    <ClCompile Include="C:\GitHub\dv\openmrn\src\freertos_drivers\common\FileSystem.cxx">
      <Filter>Source Files</Filter>
    </ClCompile>
    <ClCompile Include="C:\GitHub\dv\openmrn\src\freertos_drivers\common\Fileio.cxx">
      <Filter>Source Files</Filter>
    </ClCompile>
    <ClCompile Include="C:\GitHub\dv\openmrn\src\freertos_drivers\common\FileioWeak.cxx">
      <Filter>Source Files</Filter>
    </ClCompile>
    <ClCompile Include="C:\GitHub\dv\openmrn\src\freertos_drivers\common\I2C.cxx">
      <Filter>Source Files</Filter>
    </ClCompile>
    <ClCompile Include="C:\GitHub\dv\openmrn\src\freertos_drivers\common\MCAN.cxx">
      <Filter>Source Files</Filter>
    </ClCompile>
    <ClCompile Include="C:\GitHub\dv\openmrn\src\freertos_drivers\common\MCP2515Can.cxx">
      <Filter>Source Files</Filter>
    </ClCompile>
    <ClCompile Include="C:\GitHub\dv\openmrn\src\freertos_drivers\common\Node.cxx">
      <Filter>Source Files</Filter>
    </ClCompile>
    <ClCompile Include="C:\GitHub\dv\openmrn\src\freertos_drivers\common\Null.cxx">
      <Filter>Source Files</Filter>
    </ClCompile>
    <ClCompile Include="C:\GitHub\dv\openmrn\src\freertos_drivers\common\PCA9685PWM.cxx">
      <Filter>Source Files</Filter>
    </ClCompile>
    <ClCompile Include="C:\GitHub\dv\openmrn\src\freertos_drivers\common\Pipe.cxx">
      <Filter>Source Files</Filter>
    </ClCompile>
    <ClCompile Include="C:\GitHub\dv\openmrn\src\freertos_drivers\common\SN74HC595GPO.cxx">
      <Filter>Source Files</Filter>
    </ClCompile>
    <ClCompile Include="C:\GitHub\dv\openmrn\src\freertos_drivers\common\SPI.cxx">
      <Filter>Source Files</Filter>
    </ClCompile>
    <ClCompile Include="C:\GitHub\dv\openmrn\src\freertos_drivers\common\SPIFlash.cxx">
      <Filter>Source Files</Filter>
    </ClCompile>
    <ClCompile Include="C:\GitHub\dv\openmrn\src\freertos_drivers\common\Select.cxx">
      <Filter>Source Files</Filter>
    </ClCompile>
    <ClCompile Include="C:\GitHub\dv\openmrn\src\freertos_drivers\common\Serial.cxx">
      <Filter>Source Files</Filter>
    </ClCompile>
    <ClCompile Include="C:\GitHub\dv\openmrn\src\freertos_drivers\common\Socket.cxx">
      <Filter>Source Files</Filter>
    </ClCompile>
    <ClCompile Include="C:\GitHub\dv\openmrn\src\freertos_drivers\common\TCAN4550Can.cxx">
      <Filter>Source Files</Filter>
    </ClCompile>
    <ClCompile Include="C:\GitHub\dv\openmrn\src\freertos_drivers\common\WifiDefs.cxx">
      <Filter>Source Files</Filter>
    </ClCompile>
    <ClCompile Include="C:\GitHub\dv\openmrn\src\freertos_drivers\common\c++_operators.cxx">
      <Filter>Source Files</Filter>
    </ClCompile>
    <ClCompile Include="C:\GitHub\dv\openmrn\src\openlcb\AliasAllocator.cxx">
      <Filter>Source Files</Filter>
    </ClCompile>
    <ClCompile Include="C:\GitHub\dv\openmrn\src\openlcb\AliasCache.cxx">
      <Filter>Source Files</Filter>
    </ClCompile>
    <ClCompile Include="C:\GitHub\dv\openmrn\src\openlcb\BLEAdvertisement.cxx">
      <Filter>Source Files</Filter>
    </ClCompile>
    <ClCompile Include="C:\GitHub\dv\openmrn\src\openlcb\BLEService.cxx">
      <Filter>Source Files</Filter>
    </ClCompile>
    <ClCompile Include="C:\GitHub\dv\openmrn\src\openlcb\BroadcastTime.cxx">
      <Filter>Source Files</Filter>
    </ClCompile>
    <ClCompile Include="C:\GitHub\dv\openmrn\src\openlcb\BroadcastTimeClient.cxx">
      <Filter>Source Files</Filter>
    </ClCompile>
    <ClCompile Include="C:\GitHub\dv\openmrn\src\openlcb\BroadcastTimeDefs.cxx">
      <Filter>Source Files</Filter>
    </ClCompile>
    <ClCompile Include="C:\GitHub\dv\openmrn\src\openlcb\BroadcastTimeServer.cxx">
      <Filter>Source Files</Filter>
    </ClCompile>
    <ClCompile Include="C:\GitHub\dv\openmrn\src\openlcb\BulkAliasAllocator.cxx">
      <Filter>Source Files</Filter>
    </ClCompile>
    <ClCompile Include="C:\GitHub\dv\openmrn\src\openlcb\CanDefs.cxx">
      <Filter>Source Files</Filter>
    </ClCompile>
    <ClCompile Include="C:\GitHub\dv\openmrn\src\openlcb\CompileCdiMain.cxx">
      <Filter>Source Files</Filter>
    </ClCompile>
    <ClCompile Include="C:\GitHub\dv\openmrn\src\openlcb\ConfigEntry.cxx">
      <Filter>Source Files</Filter>
    </ClCompile>
    <ClCompile Include="C:\GitHub\dv\openmrn\src\openlcb\ConfigUpdateFlow.cxx">
      <Filter>Source Files</Filter>
    </ClCompile>
    <ClCompile Include="C:\GitHub\dv\openmrn\src\openlcb\Datagram.cxx">
      <Filter>Source Files</Filter>
    </ClCompile>
    <ClCompile Include="C:\GitHub\dv\openmrn\src\openlcb\DatagramCan.cxx">
      <Filter>Source Files</Filter>
    </ClCompile>
    <ClCompile Include="C:\GitHub\dv\openmrn\src\openlcb\DatagramTcp.cxx">
      <Filter>Source Files</Filter>
    </ClCompile>
    <ClCompile Include="C:\GitHub\dv\openmrn\src\openlcb\DccAccyProducer.cxx">
      <Filter>Source Files</Filter>
    </ClCompile>
    <ClCompile Include="C:\GitHub\dv\openmrn\src\openlcb\DefaultCdi.cxx">
      <Filter>Source Files</Filter>
    </ClCompile>
    <ClCompile Include="C:\GitHub\dv\openmrn\src\openlcb\DefaultNode.cxx">
      <Filter>Source Files</Filter>
    </ClCompile>
    <ClCompile Include="C:\GitHub\dv\openmrn\src\openlcb\EventHandler.cxx">
      <Filter>Source Files</Filter>
    </ClCompile>
    <ClCompile Include="C:\GitHub\dv\openmrn\src\openlcb\EventHandlerContainer.cxx">
      <Filter>Source Files</Filter>
    </ClCompile>
    <ClCompile Include="C:\GitHub\dv\openmrn\src\openlcb\EventHandlerTemplates.cxx">
      <Filter>Source Files</Filter>
    </ClCompile>
    <ClCompile Include="C:\GitHub\dv\openmrn\src\openlcb\EventService.cxx">
      <Filter>Source Files</Filter>
    </ClCompile>
    <ClCompile Include="C:\GitHub\dv\openmrn\src\openlcb\If.cxx">
      <Filter>Source Files</Filter>
    </ClCompile>
    <ClCompile Include="C:\GitHub\dv\openmrn\src\openlcb\IfCan.cxx">
      <Filter>Source Files</Filter>
    </ClCompile>
    <ClCompile Include="C:\GitHub\dv\openmrn\src\openlcb\IfImpl.cxx">
      <Filter>Source Files</Filter>
    </ClCompile>
    <ClCompile Include="C:\GitHub\dv\openmrn\src\openlcb\IfTcp.cxx">
      <Filter>Source Files</Filter>
    </ClCompile>
    <ClCompile Include="C:\GitHub\dv\openmrn\src\openlcb\MemoryConfig.cxx">
      <Filter>Source Files</Filter>
    </ClCompile>
    <ClCompile Include="C:\GitHub\dv\openmrn\src\openlcb\Node.cxx">
      <Filter>Source Files</Filter>
    </ClCompile>
    <ClCompile Include="C:\GitHub\dv\openmrn\src\openlcb\NodeBrowser.cxx">
      <Filter>Source Files</Filter>
    </ClCompile>
    <ClCompile Include="C:\GitHub\dv\openmrn\src\openlcb\NodeInitializeFlow.cxx">
      <Filter>Source Files</Filter>
    </ClCompile>
    <ClCompile Include="C:\GitHub\dv\openmrn\src\openlcb\NonAuthoritativeEventProducer.cxx">
      <Filter>Source Files</Filter>
    </ClCompile>
    <ClCompile Include="C:\GitHub\dv\openmrn\src\openlcb\PIPClient.cxx">
      <Filter>Source Files</Filter>
    </ClCompile>
    <ClCompile Include="C:\GitHub\dv\openmrn\src\openlcb\RoutingLogic.cxx">
      <Filter>Source Files</Filter>
    </ClCompile>
    <ClCompile Include="C:\GitHub\dv\openmrn\src\openlcb\SimpleNodeInfo.cxx">
      <Filter>Source Files</Filter>
    </ClCompile>
    <ClCompile Include="C:\GitHub\dv\openmrn\src\openlcb\SimpleNodeInfoMockUserFile.cxx">
      <Filter>Source Files</Filter>
    </ClCompile>
    <ClCompile Include="C:\GitHub\dv\openmrn\src\openlcb\SimpleNodeInfoResponse.cxx">
      <Filter>Source Files</Filter>
    </ClCompile>
    <ClCompile Include="C:\GitHub\dv\openmrn\src\openlcb\SimpleStack.cxx">
      <Filter>Source Files</Filter>
    </ClCompile>
    <ClCompile Include="C:\GitHub\dv\openmrn\src\openlcb\Stream.cxx">
      <Filter>Source Files</Filter>
    </ClCompile>
    <ClCompile Include="C:\GitHub\dv\openmrn\src\openlcb\StreamReceiver.cxx">
      <Filter>Source Files</Filter>
    </ClCompile>
    <ClCompile Include="C:\GitHub\dv\openmrn\src\openlcb\StreamTransport.cxx">
      <Filter>Source Files</Filter>
    </ClCompile>
    <ClCompile Include="C:\GitHub\dv\openmrn\src\openlcb\TcpDefs.cxx">
      <Filter>Source Files</Filter>
    </ClCompile>
    <ClCompile Include="C:\GitHub\dv\openmrn\src\openlcb\TractionCvSpace.cxx">
      <Filter>Source Files</Filter>
    </ClCompile>
    <ClCompile Include="C:\GitHub\dv\openmrn\src\openlcb\TractionDefs.cxx">
      <Filter>Source Files</Filter>
    </ClCompile>
    <ClCompile Include="C:\GitHub\dv\openmrn\src\openlcb\TractionProxy.cxx">
      <Filter>Source Files</Filter>
    </ClCompile>
    <ClCompile Include="C:\GitHub\dv\openmrn\src\openlcb\TractionTestTrain.cxx">
      <Filter>Source Files</Filter>
    </ClCompile>
    <ClCompile Include="C:\GitHub\dv\openmrn\src\openlcb\TractionThrottle.cxx">
      <Filter>Source Files</Filter>
    </ClCompile>
    <ClCompile Include="C:\GitHub\dv\openmrn\src\openlcb\TractionTrain.cxx">
      <Filter>Source Files</Filter>
    </ClCompile>
    <ClCompile Include="C:\GitHub\dv\openmrn\src\openlcb\Velocity.cxx">
      <Filter>Source Files</Filter>
    </ClCompile>
    <ClCompile Include="C:\GitHub\dv\openmrn\src\openlcb\WriteHelper.cxx">
      <Filter>Source Files</Filter>
    </ClCompile>
    <ClCompile Include="C:\GitHub\dv\openmrn\src\openlcb\nmranet_constants.cxx">
      <Filter>Source Files</Filter>
    </ClCompile>
    <ClCompile Include="C:\GitHub\dv\openmrn\src\os\FakeClock.cxx">
      <Filter>Source Files</Filter>
    </ClCompile>
    <ClCompile Include="C:\GitHub\dv\openmrn\src\os\OSImpl.cxx">
      <Filter>Source Files</Filter>
    </ClCompile>
    <ClCompile Include="C:\GitHub\dv\openmrn\src\os\TempFile.cxx">
      <Filter>Source Files</Filter>
    </ClCompile>
    <ClCompile Include="C:\GitHub\dv\openmrn\src\os\logging_malloc.cxx">
      <Filter>Source Files</Filter>
    </ClCompile>
    <ClCompile Include="C:\GitHub\dv\openmrn\src\os\os.c">
      <Filter>Source Files</Filter>
    </ClCompile>
    <ClCompile Include="C:\GitHub\dv\openmrn\src\os\stack_malloc.c">
      <Filter>Source Files</Filter>
    </ClCompile>
    <ClCompile Include="C:\GitHub\dv\openmrn\src\os\watchdog.c">
      <Filter>Source Files</Filter>
    </ClCompile>
    <ClCompile Include="C:\GitHub\dv\openmrn\src\traction_modem\Output.cxx">
      <Filter>Source Files</Filter>
    </ClCompile>
    <ClCompile Include="C:\GitHub\dv\openmrn\src\utils\Base64.cxx">
      <Filter>Source Files</Filter>
    </ClCompile>
    <ClCompile Include="C:\GitHub\dv\openmrn\src\utils\Blinker.cxx">
      <Filter>Source Files</Filter>
    </ClCompile>
    <ClCompile Include="C:\GitHub\dv\openmrn\src\utils\Buffer.cxx">
      <Filter>Source Files</Filter>
    </ClCompile>
    <ClCompile Include="C:\GitHub\dv\openmrn\src\utils\CanIf.cxx">
      <Filter>Source Files</Filter>
    </ClCompile>
    <ClCompile Include="C:\GitHub\dv\openmrn\src\utils\ClientConnection.cxx">
      <Filter>Source Files</Filter>
    </ClCompile>
    <ClCompile Include="C:\GitHub\dv\openmrn\src\utils\ConfigUpdateListener.cxx">
      <Filter>Source Files</Filter>
    </ClCompile>
    <ClCompile Include="C:\GitHub\dv\openmrn\src\utils\Crc.cxx">
      <Filter>Source Files</Filter>
    </ClCompile>
    <ClCompile Include="C:\GitHub\dv\openmrn\src\utils\DirectHub.cxx">
      <Filter>Source Files</Filter>
    </ClCompile>
    <ClCompile Include="C:\GitHub\dv\openmrn\src\utils\DirectHubGc.cxx">
      <Filter>Source Files</Filter>
    </ClCompile>
    <ClCompile Include="C:\GitHub\dv\openmrn\src\utils\DirectHubLegacy.cxx">
      <Filter>Source Files</Filter>
    </ClCompile>
    <ClCompile Include="C:\GitHub\dv\openmrn\src\utils\FdUtils.cxx">
      <Filter>Source Files</Filter>
    </ClCompile>
    <ClCompile Include="C:\GitHub\dv\openmrn\src\utils\FileUtils.cxx">
      <Filter>Source Files</Filter>
    </ClCompile>
    <ClCompile Include="C:\GitHub\dv\openmrn\src\utils\ForwardAllocator.cxx">
      <Filter>Source Files</Filter>
    </ClCompile>
    <ClCompile Include="C:\GitHub\dv\openmrn\src\utils\GcStreamParser.cxx">
      <Filter>Source Files</Filter>
    </ClCompile>
    <ClCompile Include="C:\GitHub\dv\openmrn\src\utils\GcTcpHub.cxx">
      <Filter>Source Files</Filter>
    </ClCompile>
    <ClCompile Include="C:\GitHub\dv\openmrn\src\utils\GridConnect.cxx">
      <Filter>Source Files</Filter>
    </ClCompile>
    <ClCompile Include="C:\GitHub\dv\openmrn\src\utils\GridConnectHub.cxx">
      <Filter>Source Files</Filter>
    </ClCompile>
    <ClCompile Include="C:\GitHub\dv\openmrn\src\utils\HubDevice.cxx">
      <Filter>Source Files</Filter>
    </ClCompile>
    <ClCompile Include="C:\GitHub\dv\openmrn\src\utils\HubDeviceSelect.cxx">
      <Filter>Source Files</Filter>
    </ClCompile>
    <ClCompile Include="C:\GitHub\dv\openmrn\src\utils\JSHubPort.cxx">
      <Filter>Source Files</Filter>
    </ClCompile>
    <ClCompile Include="C:\GitHub\dv\openmrn\src\utils\Queue.cxx">
      <Filter>Source Files</Filter>
    </ClCompile>
    <ClCompile Include="C:\GitHub\dv\openmrn\src\utils\ReflashBootloader.cxx">
      <Filter>Source Files</Filter>
    </ClCompile>
    <ClCompile Include="C:\GitHub\dv\openmrn\src\utils\ServiceLocator.cxx">
      <Filter>Source Files</Filter>
    </ClCompile>
    <ClCompile Include="C:\GitHub\dv\openmrn\src\utils\SimpleQueue.cxx">
      <Filter>Source Files</Filter>
    </ClCompile>
    <ClCompile Include="C:\GitHub\dv\openmrn\src\utils\Stats.cxx">
      <Filter>Source Files</Filter>
    </ClCompile>
    <ClCompile Include="C:\GitHub\dv\openmrn\src\utils\StringPrintf.cxx">
      <Filter>Source Files</Filter>
    </ClCompile>
    <ClCompile Include="C:\GitHub\dv\openmrn\src\utils\constants.cxx">
      <Filter>Source Files</Filter>
    </ClCompile>
    <ClCompile Include="C:\GitHub\dv\openmrn\src\utils\errno_exit.c">
      <Filter>Source Files</Filter>
    </ClCompile>
    <ClCompile Include="C:\GitHub\dv\openmrn\src\utils\format_utils.cxx">
      <Filter>Source Files</Filter>
    </ClCompile>
    <ClCompile Include="C:\GitHub\dv\openmrn\src\utils\gc_format.cxx">
      <Filter>Source Files</Filter>
    </ClCompile>
    <ClCompile Include="C:\GitHub\dv\openmrn\src\utils\ieeehalfprecision.c">
      <Filter>Source Files</Filter>
    </ClCompile>
    <ClCompile Include="C:\GitHub\dv\openmrn\src\utils\logging.cxx">
      <Filter>Source Files</Filter>
    </ClCompile>
  </ItemGroup>
  <ItemGroup>
    <CustomBuild Include="C:\GitHub\dv\openmrn\src\CMakeLists.txt" />
  </ItemGroup>
  <ItemGroup>
    <Filter Include="Source Files">
      <UniqueIdentifier>{EE25B241-BB06-3005-9073-4C691C9C9CB1}</UniqueIdentifier>
    </Filter>
  </ItemGroup>
</Project>
