
Microsoft Visual Studio Solution File, Format Version 12.00
# Visual Studio Version 17
Project("{8BC9CEB8-8B4A-11D0-8D11-00A0C91BC942}") = "ALL_BUILD", "ALL_BUILD.vcxproj", "{B05FCB7E-19A4-3FB5-867E-4CD1153A0F18}"
	ProjectSection(ProjectDependencies) = postProject
		{AC05D347-F9B8-3F74-8C3F-B1D82980AC6A} = {AC05D347-F9B8-3F74-8C3F-B1D82980AC6A}
		{6404384B-069A-34CF-B28B-0BB964791829} = {6404384B-069A-34CF-B28B-0BB964791829}
	EndProjectSection
EndProject
Project("{8BC9CEB8-8B4A-11D0-8D11-00A0C91BC942}") = "ZERO_CHECK", "ZERO_CHECK.vcxproj", "{AC05D347-F9B8-3F74-8C3F-B1D82980AC6A}"
	ProjectSection(ProjectDependencies) = postProject
	EndProjectSection
EndProject
Project("{8BC9CEB8-8B4A-11D0-8D11-00A0C91BC942}") = "openmrn", "src\openmrn.vcxproj", "{6404384B-069A-34CF-B28B-0BB964791829}"
	ProjectSection(ProjectDependencies) = postProject
		{AC05D347-F9B8-3F74-8C3F-B1D82980AC6A} = {AC05D347-F9B8-3F74-8C3F-B1D82980AC6A}
	EndProjectSection
EndProject
Global
	GlobalSection(SolutionConfigurationPlatforms) = preSolution
		Debug|x64 = Debug|x64
		Release|x64 = Release|x64
		MinSizeRel|x64 = MinSizeRel|x64
		RelWithDebInfo|x64 = RelWithDebInfo|x64
	EndGlobalSection
	GlobalSection(ProjectConfigurationPlatforms) = postSolution
		{B05FCB7E-19A4-3FB5-867E-4CD1153A0F18}.Debug|x64.ActiveCfg = Debug|x64
		{B05FCB7E-19A4-3FB5-867E-4CD1153A0F18}.Release|x64.ActiveCfg = Release|x64
		{B05FCB7E-19A4-3FB5-867E-4CD1153A0F18}.MinSizeRel|x64.ActiveCfg = MinSizeRel|x64
		{B05FCB7E-19A4-3FB5-867E-4CD1153A0F18}.RelWithDebInfo|x64.ActiveCfg = RelWithDebInfo|x64
		{AC05D347-F9B8-3F74-8C3F-B1D82980AC6A}.Debug|x64.ActiveCfg = Debug|x64
		{AC05D347-F9B8-3F74-8C3F-B1D82980AC6A}.Debug|x64.Build.0 = Debug|x64
		{AC05D347-F9B8-3F74-8C3F-B1D82980AC6A}.Release|x64.ActiveCfg = Release|x64
		{AC05D347-F9B8-3F74-8C3F-B1D82980AC6A}.Release|x64.Build.0 = Release|x64
		{AC05D347-F9B8-3F74-8C3F-B1D82980AC6A}.MinSizeRel|x64.ActiveCfg = MinSizeRel|x64
		{AC05D347-F9B8-3F74-8C3F-B1D82980AC6A}.MinSizeRel|x64.Build.0 = MinSizeRel|x64
		{AC05D347-F9B8-3F74-8C3F-B1D82980AC6A}.RelWithDebInfo|x64.ActiveCfg = RelWithDebInfo|x64
		{AC05D347-F9B8-3F74-8C3F-B1D82980AC6A}.RelWithDebInfo|x64.Build.0 = RelWithDebInfo|x64
		{6404384B-069A-34CF-B28B-0BB964791829}.Debug|x64.ActiveCfg = Debug|x64
		{6404384B-069A-34CF-B28B-0BB964791829}.Debug|x64.Build.0 = Debug|x64
		{6404384B-069A-34CF-B28B-0BB964791829}.Release|x64.ActiveCfg = Release|x64
		{6404384B-069A-34CF-B28B-0BB964791829}.Release|x64.Build.0 = Release|x64
		{6404384B-069A-34CF-B28B-0BB964791829}.MinSizeRel|x64.ActiveCfg = MinSizeRel|x64
		{6404384B-069A-34CF-B28B-0BB964791829}.MinSizeRel|x64.Build.0 = MinSizeRel|x64
		{6404384B-069A-34CF-B28B-0BB964791829}.RelWithDebInfo|x64.ActiveCfg = RelWithDebInfo|x64
		{6404384B-069A-34CF-B28B-0BB964791829}.RelWithDebInfo|x64.Build.0 = RelWithDebInfo|x64
	EndGlobalSection
	GlobalSection(ExtensibilityGlobals) = postSolution
		SolutionGuid = {6FD3ED9B-16A5-3537-9B06-29339F395E76}
	EndGlobalSection
	GlobalSection(ExtensibilityAddIns) = postSolution
	EndGlobalSection
EndGlobal
