<?xml version="1.0" encoding="utf-8"?>
<Project ToolsVersion="17.0" xmlns="http://schemas.microsoft.com/developer/msbuild/2003">
  <ItemGroup>
    <CustomBuild Include="C:\GitHub\dv\openmrn\build-arm\CMakeFiles\6d1245e05c9619bcf644be57547bd6b7\generate.stamp.rule">
      <Filter>CMake Rules</Filter>
    </CustomBuild>
  </ItemGroup>
  <ItemGroup>
    <Filter Include="CMake Rules">
      <UniqueIdentifier>{0DBFFD76-CE03-39BF-A266-22DD08FC8701}</UniqueIdentifier>
    </Filter>
  </ItemGroup>
</Project>
